
Microsoft Visual Studio Solution File, Format Version 12.00
# Visual Studio 15
VisualStudioVersion = 15.0.27703.2035
MinimumVisualStudioVersion = 10.0.40219.1
Project("{FAE04EC0-301F-11D3-BF4B-00C04F79EFBC}") = "PQT.CC", "PQT.CC\PQT.CC.csproj", "{F8E5DE47-2A32-4EB9-BDE3-F2C590CABC12}"
EndProject
Global
	GlobalSection(SolutionConfigurationPlatforms) = preSolution
		Debug|Any CPU = Debug|Any CPU
		Release|Any CPU = Release|Any CPU
	EndGlobalSection
	GlobalSection(ProjectConfigurationPlatforms) = postSolution
		{F8E5DE47-2A32-4EB9-BDE3-F2C590CABC12}.Debug|Any CPU.ActiveCfg = Debug|Any CPU
		{F8E5DE47-2A32-4EB9-BDE3-F2C590CABC12}.Debug|Any CPU.Build.0 = Debug|Any CPU
		{F8E5DE47-2A32-4EB9-BDE3-F2C590CABC12}.Release|Any CPU.ActiveCfg = Release|Any CPU
		{F8E5DE47-2A32-4EB9-BDE3-F2C590CABC12}.Release|Any CPU.Build.0 = Release|Any CPU
	EndGlobalSection
	GlobalSection(SolutionProperties) = preSolution
		HideSolutionNode = FALSE
	EndGlobalSection
	GlobalSection(ExtensibilityGlobals) = postSolution
		SolutionGuid = {10C05A8A-F0BD-4917-9D86-371C4E16D7D7}
	EndGlobalSection
EndGlobal
